
Microsoft Visual Studio Solution File, Format Version 12.00
# Visual Studio Version 16
VisualStudioVersion = 16.0.29230.47
MinimumVisualStudioVersion = 10.0.40219.1
Project("{2150E333-8FDC-42A3-9474-1A3956D46DE8}") = "CSharp", "CSharp", "{5EC6BA76-5691-4634-B975-D202DF69B2FF}"
EndProject
Project("{FAE04EC0-301F-11D3-BF4B-00C04F79EFBC}") = "WindowFocusing", "WindowFocusing\WindowFocusing.csproj", "{42FBD746-FDB1-42C7-AD4B-AE98B27D2AA9}"
EndProject
Global
	GlobalSection(SolutionConfigurationPlatforms) = preSolution
		Debug|Any CPU = Debug|Any CPU
		Release|Any CPU = Release|Any CPU
	EndGlobalSection
	GlobalSection(ProjectConfigurationPlatforms) = postSolution
		{42FBD746-FDB1-42C7-AD4B-AE98B27D2AA9}.Debug|Any CPU.ActiveCfg = Debug|Any CPU
		{42FBD746-FDB1-42C7-AD4B-AE98B27D2AA9}.Debug|Any CPU.Build.0 = Debug|Any CPU
		{42FBD746-FDB1-42C7-AD4B-AE98B27D2AA9}.Release|Any CPU.ActiveCfg = Release|Any CPU
		{42FBD746-FDB1-42C7-AD4B-AE98B27D2AA9}.Release|Any CPU.Build.0 = Release|Any CPU
	EndGlobalSection
	GlobalSection(SolutionProperties) = preSolution
		HideSolutionNode = FALSE
	EndGlobalSection
	GlobalSection(NestedProjects) = preSolution
		{42FBD746-FDB1-42C7-AD4B-AE98B27D2AA9} = {5EC6BA76-5691-4634-B975-D202DF69B2FF}
	EndGlobalSection
	GlobalSection(ExtensibilityGlobals) = postSolution
		SolutionGuid = {EED9D75B-17F5-4A9B-AF0F-108009BF8E3B}
	EndGlobalSection
EndGlobal
